
Microsoft Visual Studio Solution File, Format Version 12.00
# Visual Studio Version 17
VisualStudioVersion = 17.14.36221.1 d17.14
MinimumVisualStudioVersion = 10.0.40219.1
Project("{FAE04EC0-301F-11D3-BF4B-00C04F79EFBC}") = "CRM_ExceptionFlow", "CRM_ExceptionFlow\CRM_ExceptionFlow.csproj", "{821BEB85-A5A4-4BD2-B983-11845C362064}"
EndProject
Global
	GlobalSection(SolutionConfigurationPlatforms) = preSolution
		Debug|Any CPU = Debug|Any CPU
		Release|Any CPU = Release|Any CPU
	EndGlobalSection
	GlobalSection(ProjectConfigurationPlatforms) = postSolution
		{821BEB85-A5A4-4BD2-B983-11845C362064}.Debug|Any CPU.ActiveCfg = Debug|Any CPU
		{821BEB85-A5A4-4BD2-B983-11845C362064}.Debug|Any CPU.Build.0 = Debug|Any CPU
		{821BEB85-A5A4-4BD2-B983-11845C362064}.Release|Any CPU.ActiveCfg = Release|Any CPU
		{821BEB85-A5A4-4BD2-B983-11845C362064}.Release|Any CPU.Build.0 = Release|Any CPU
	EndGlobalSection
	GlobalSection(SolutionProperties) = preSolution
		HideSolutionNode = FALSE
	EndGlobalSection
	GlobalSection(ExtensibilityGlobals) = postSolution
		SolutionGuid = {AF765909-FAC7-4EB9-AB35-D149C8780FC2}
	EndGlobalSection
EndGlobal
