Microsoft Visual Studio Solution File, Format Version 12.00
# Visual Studio Version 17
VisualStudioVersion = 17.5.2.0
MinimumVisualStudioVersion = 10.0.40219.1
Project("{FAE04EC0-301F-11D3-BF4B-00C04F79EFBC}") = "CRM_ExceptionFlow", "CRM_ExceptionFlow.csproj", "{18322B32-81FE-4E3A-AE57-774087C99576}"
EndProject
Global
	GlobalSection(SolutionConfigurationPlatforms) = preSolution
		Debug|Any CPU = Debug|Any CPU
		Release|Any CPU = Release|Any CPU
	EndGlobalSection
	GlobalSection(ProjectConfigurationPlatforms) = postSolution
		{18322B32-81FE-4E3A-AE57-774087C99576}.Debug|Any CPU.ActiveCfg = Debug|Any CPU
		{18322B32-81FE-4E3A-AE57-774087C99576}.Debug|Any CPU.Build.0 = Debug|Any CPU
		{18322B32-81FE-4E3A-AE57-774087C99576}.Release|Any CPU.ActiveCfg = Release|Any CPU
		{18322B32-81FE-4E3A-AE57-774087C99576}.Release|Any CPU.Build.0 = Release|Any CPU
	EndGlobalSection
	GlobalSection(SolutionProperties) = preSolution
		HideSolutionNode = FALSE
	EndGlobalSection
	GlobalSection(ExtensibilityGlobals) = postSolution
		SolutionGuid = {AEF8A673-5CDB-4A8B-9B5D-23A85ECA90BA}
	EndGlobalSection
EndGlobal
